
Microsoft Visual Studio Solution File, Format Version 10.00
# Visual Studio 2008
Project("{8BC9CEB8-8B4A-11D0-8D11-00A0C91BC942}") = "Blackjack Project", "Blackjack Project\Blackjack Project.vcproj", "{DDA2B827-9440-437B-AEE4-141D40A50DEC}"
EndProject
Global
	GlobalSection(SolutionConfigurationPlatforms) = preSolution
		Debug|Win32 = Debug|Win32
		Release|Win32 = Release|Win32
	EndGlobalSection
	GlobalSection(ProjectConfigurationPlatforms) = postSolution
		{DDA2B827-9440-437B-AEE4-141D40A50DEC}.Debug|Win32.ActiveCfg = Debug|Win32
		{DDA2B827-9440-437B-AEE4-141D40A50DEC}.Debug|Win32.Build.0 = Debug|Win32
		{DDA2B827-9440-437B-AEE4-141D40A50DEC}.Release|Win32.ActiveCfg = Release|Win32
		{DDA2B827-9440-437B-AEE4-141D40A50DEC}.Release|Win32.Build.0 = Release|Win32
	EndGlobalSection
	GlobalSection(SolutionProperties) = preSolution
		HideSolutionNode = FALSE
	EndGlobalSection
EndGlobal
